
Microsoft Visual Studio Solution File, Format Version 12.00
# Visual Studio Version 17
VisualStudioVersion = 17.8.34525.116
MinimumVisualStudioVersion = 10.0.40219.1
Project("{FAE04EC0-301F-11D3-BF4B-00C04F79EFBC}") = "lab8_oop", "lab8_oop\lab8_oop.csproj", "{2A2AADFA-1D8B-42B2-BCEE-2491C64AC678}"
EndProject
Global
	GlobalSection(SolutionConfigurationPlatforms) = preSolution
		Debug|Any CPU = Debug|Any CPU
		Release|Any CPU = Release|Any CPU
	EndGlobalSection
	GlobalSection(ProjectConfigurationPlatforms) = postSolution
		{2A2AADFA-1D8B-42B2-BCEE-2491C64AC678}.Debug|Any CPU.ActiveCfg = Debug|Any CPU
		{2A2AADFA-1D8B-42B2-BCEE-2491C64AC678}.Debug|Any CPU.Build.0 = Debug|Any CPU
		{2A2AADFA-1D8B-42B2-BCEE-2491C64AC678}.Release|Any CPU.ActiveCfg = Release|Any CPU
		{2A2AADFA-1D8B-42B2-BCEE-2491C64AC678}.Release|Any CPU.Build.0 = Release|Any CPU
	EndGlobalSection
	GlobalSection(SolutionProperties) = preSolution
		HideSolutionNode = FALSE
	EndGlobalSection
	GlobalSection(ExtensibilityGlobals) = postSolution
		SolutionGuid = {3161BC48-F085-4E98-8141-8DC42B552A69}
	EndGlobalSection
EndGlobal
